
Microsoft Visual Studio Solution File, Format Version 12.00
# Visual Studio Version 17
VisualStudioVersion = 17.1.32210.238
MinimumVisualStudioVersion = 10.0.40219.1
Project("{888888A0-9F3D-457C-B088-3A5042F75D52}") = "LanguagesSite", "LanguagesSite\LanguagesSite.pyproj", "{25A6BE28-55C0-40FA-8444-E85222E495D8}"
EndProject
Global
	GlobalSection(SolutionConfigurationPlatforms) = preSolution
		Debug|Any CPU = Debug|Any CPU
		Release|Any CPU = Release|Any CPU
	EndGlobalSection
	GlobalSection(ProjectConfigurationPlatforms) = postSolution
		{25A6BE28-55C0-40FA-8444-E85222E495D8}.Debug|Any CPU.ActiveCfg = Debug|Any CPU
		{25A6BE28-55C0-40FA-8444-E85222E495D8}.Debug|Any CPU.Build.0 = Debug|Any CPU
		{25A6BE28-55C0-40FA-8444-E85222E495D8}.Release|Any CPU.ActiveCfg = Release|Any CPU
		{25A6BE28-55C0-40FA-8444-E85222E495D8}.Release|Any CPU.Build.0 = Release|Any CPU
	EndGlobalSection
	GlobalSection(SolutionProperties) = preSolution
		HideSolutionNode = FALSE
	EndGlobalSection
	GlobalSection(ExtensibilityGlobals) = postSolution
		SolutionGuid = {DCA686A0-AFA0-48F5-BFD2-0E2309EBF6E4}
	EndGlobalSection
EndGlobal
